// !$*UTF8*$!
{
	archiveVersion = 1;
	classes = {
	};
	objectVersion = 50;
	objects = {

/* Begin PBXBuildFile section */
		B922CC502500825F00439263 /* NetworkScaffold.framework in Frameworks */ = {isa = PBXBuildFile; fileRef = B922CC4B2500824600439263 /* NetworkScaffold.framework */; };
		B922CC51250082C400439263 /* URLRequest + JSON.swift in Sources */ = {isa = PBXBuildFile; fileRef = B922CC422500824600439263 /* URLRequest + JSON.swift */; };
		B922CC52250082C400439263 /* NetworkService.swift in Sources */ = {isa = PBXBuildFile; fileRef = B922CC432500824600439263 /* NetworkService.swift */; };
		B922CC552500A86E00439263 /* ErrorHandler.swift in Sources */ = {isa = PBXBuildFile; fileRef = B922CC542500A86E00439263 /* ErrorHandler.swift */; };
		B922CC572500A8A700439263 /* UIViewController + presentAlert.swift in Sources */ = {isa = PBXBuildFile; fileRef = B922CC562500A8A700439263 /* UIViewController + presentAlert.swift */; };
		B9F385D424FF319200BEC7E9 /* AppDelegate.swift in Sources */ = {isa = PBXBuildFile; fileRef = B9F385D324FF319200BEC7E9 /* AppDelegate.swift */; };
		B9F385D624FF319200BEC7E9 /* SceneDelegate.swift in Sources */ = {isa = PBXBuildFile; fileRef = B9F385D524FF319200BEC7E9 /* SceneDelegate.swift */; };
		B9F385D824FF319200BEC7E9 /* ViewController.swift in Sources */ = {isa = PBXBuildFile; fileRef = B9F385D724FF319200BEC7E9 /* ViewController.swift */; };
		B9F385DD24FF319400BEC7E9 /* Assets.xcassets in Resources */ = {isa = PBXBuildFile; fileRef = B9F385DC24FF319400BEC7E9 /* Assets.xcassets */; };
		B9F385E024FF319400BEC7E9 /* LaunchScreen.storyboard in Resources */ = {isa = PBXBuildFile; fileRef = B9F385DE24FF319400BEC7E9 /* LaunchScreen.storyboard */; };
		B9F385EC24FF329200BEC7E9 /* StyleSheet.swift in Sources */ = {isa = PBXBuildFile; fileRef = B9F385EB24FF329200BEC7E9 /* StyleSheet.swift */; };
		B9F385EE24FF359300BEC7E9 /* Autolayout Engine.swift in Sources */ = {isa = PBXBuildFile; fileRef = B9F385ED24FF359300BEC7E9 /* Autolayout Engine.swift */; };
/* End PBXBuildFile section */

/* Begin PBXContainerItemProxy section */
		B922CC4A2500824600439263 /* PBXContainerItemProxy */ = {
			isa = PBXContainerItemProxy;
			containerPortal = B922CC462500824600439263 /* NetworkScaffold.xcodeproj */;
			proxyType = 2;
			remoteGlobalIDString = B94E3B7B2500790600FB75F3;
			remoteInfo = NetworkScaffold;
		};
/* End PBXContainerItemProxy section */

/* Begin PBXFileReference section */
		B922CC422500824600439263 /* URLRequest + JSON.swift */ = {isa = PBXFileReference; fileEncoding = 4; lastKnownFileType = sourcecode.swift; path = "URLRequest + JSON.swift"; sourceTree = "<group>"; };
		B922CC432500824600439263 /* NetworkService.swift */ = {isa = PBXFileReference; fileEncoding = 4; lastKnownFileType = sourcecode.swift; path = NetworkService.swift; sourceTree = "<group>"; };
		B922CC442500824600439263 /* NetworkScaffold.h */ = {isa = PBXFileReference; fileEncoding = 4; lastKnownFileType = sourcecode.c.h; path = NetworkScaffold.h; sourceTree = "<group>"; };
		B922CC452500824600439263 /* Info.plist */ = {isa = PBXFileReference; fileEncoding = 4; lastKnownFileType = text.plist.xml; path = Info.plist; sourceTree = "<group>"; };
		B922CC462500824600439263 /* NetworkScaffold.xcodeproj */ = {isa = PBXFileReference; lastKnownFileType = "wrapper.pb-project"; path = NetworkScaffold.xcodeproj; sourceTree = "<group>"; };
		B922CC542500A86E00439263 /* ErrorHandler.swift */ = {isa = PBXFileReference; lastKnownFileType = sourcecode.swift; path = ErrorHandler.swift; sourceTree = "<group>"; };
		B922CC562500A8A700439263 /* UIViewController + presentAlert.swift */ = {isa = PBXFileReference; lastKnownFileType = sourcecode.swift; path = "UIViewController + presentAlert.swift"; sourceTree = "<group>"; };
		B9F385D024FF319200BEC7E9 /* Style.app */ = {isa = PBXFileReference; explicitFileType = wrapper.application; includeInIndex = 0; path = Style.app; sourceTree = BUILT_PRODUCTS_DIR; };
		B9F385D324FF319200BEC7E9 /* AppDelegate.swift */ = {isa = PBXFileReference; lastKnownFileType = sourcecode.swift; path = AppDelegate.swift; sourceTree = "<group>"; };
		B9F385D524FF319200BEC7E9 /* SceneDelegate.swift */ = {isa = PBXFileReference; lastKnownFileType = sourcecode.swift; path = SceneDelegate.swift; sourceTree = "<group>"; };
		B9F385D724FF319200BEC7E9 /* ViewController.swift */ = {isa = PBXFileReference; lastKnownFileType = sourcecode.swift; path = ViewController.swift; sourceTree = "<group>"; };
		B9F385DC24FF319400BEC7E9 /* Assets.xcassets */ = {isa = PBXFileReference; lastKnownFileType = folder.assetcatalog; path = Assets.xcassets; sourceTree = "<group>"; };
		B9F385DF24FF319400BEC7E9 /* Base */ = {isa = PBXFileReference; lastKnownFileType = file.storyboard; name = Base; path = Base.lproj/LaunchScreen.storyboard; sourceTree = "<group>"; };
		B9F385E124FF319400BEC7E9 /* Info.plist */ = {isa = PBXFileReference; lastKnownFileType = text.plist.xml; path = Info.plist; sourceTree = "<group>"; };
		B9F385EB24FF329200BEC7E9 /* StyleSheet.swift */ = {isa = PBXFileReference; lastKnownFileType = sourcecode.swift; path = StyleSheet.swift; sourceTree = "<group>"; };
		B9F385ED24FF359300BEC7E9 /* Autolayout Engine.swift */ = {isa = PBXFileReference; lastKnownFileType = sourcecode.swift; path = "Autolayout Engine.swift"; sourceTree = "<group>"; };
/* End PBXFileReference section */

/* Begin PBXFrameworksBuildPhase section */
		B9F385CD24FF319200BEC7E9 /* Frameworks */ = {
			isa = PBXFrameworksBuildPhase;
			buildActionMask = 2147483647;
			files = (
				B922CC502500825F00439263 /* NetworkScaffold.framework in Frameworks */,
			);
			runOnlyForDeploymentPostprocessing = 0;
		};
/* End PBXFrameworksBuildPhase section */

/* Begin PBXGroup section */
		B922CC402500824600439263 /* NetworkScaffold */ = {
			isa = PBXGroup;
			children = (
				B922CC412500824600439263 /* NetworkScaffold */,
				B922CC462500824600439263 /* NetworkScaffold.xcodeproj */,
			);
			path = NetworkScaffold;
			sourceTree = "<group>";
		};
		B922CC412500824600439263 /* NetworkScaffold */ = {
			isa = PBXGroup;
			children = (
				B922CC422500824600439263 /* URLRequest + JSON.swift */,
				B922CC542500A86E00439263 /* ErrorHandler.swift */,
				B922CC432500824600439263 /* NetworkService.swift */,
				B922CC442500824600439263 /* NetworkScaffold.h */,
				B922CC452500824600439263 /* Info.plist */,
			);
			path = NetworkScaffold;
			sourceTree = "<group>";
		};
		B922CC472500824600439263 /* Products */ = {
			isa = PBXGroup;
			children = (
				B922CC4B2500824600439263 /* NetworkScaffold.framework */,
			);
			name = Products;
			sourceTree = "<group>";
		};
		B922CC4F2500825F00439263 /* Frameworks */ = {
			isa = PBXGroup;
			children = (
			);
			name = Frameworks;
			sourceTree = "<group>";
		};
		B9F385C724FF319200BEC7E9 = {
			isa = PBXGroup;
			children = (
				B9F385D224FF319200BEC7E9 /* Style */,
				B922CC402500824600439263 /* NetworkScaffold */,
				B9F385D124FF319200BEC7E9 /* Products */,
				B922CC4F2500825F00439263 /* Frameworks */,
			);
			sourceTree = "<group>";
		};
		B9F385D124FF319200BEC7E9 /* Products */ = {
			isa = PBXGroup;
			children = (
				B9F385D024FF319200BEC7E9 /* Style.app */,
			);
			name = Products;
			sourceTree = "<group>";
		};
		B9F385D224FF319200BEC7E9 /* Style */ = {
			isa = PBXGroup;
			children = (
				B9F385E824FF323A00BEC7E9 /* View */,
				B9F385EA24FF324800BEC7E9 /* Controller */,
				B9F385E724FF323100BEC7E9 /* Resources */,
			);
			path = Style;
			sourceTree = "<group>";
		};
		B9F385E724FF323100BEC7E9 /* Resources */ = {
			isa = PBXGroup;
			children = (
				B9F385D324FF319200BEC7E9 /* AppDelegate.swift */,
				B9F385D524FF319200BEC7E9 /* SceneDelegate.swift */,
				B9F385E124FF319400BEC7E9 /* Info.plist */,
			);
			path = Resources;
			sourceTree = "<group>";
		};
		B9F385E824FF323A00BEC7E9 /* View */ = {
			isa = PBXGroup;
			children = (
				B9F385DC24FF319400BEC7E9 /* Assets.xcassets */,
				B9F385DE24FF319400BEC7E9 /* LaunchScreen.storyboard */,
				B9F385EB24FF329200BEC7E9 /* StyleSheet.swift */,
				B9F385ED24FF359300BEC7E9 /* Autolayout Engine.swift */,
			);
			path = View;
			sourceTree = "<group>";
		};
		B9F385E924FF323E00BEC7E9 /* View Controllers */ = {
			isa = PBXGroup;
			children = (
				B9F385D724FF319200BEC7E9 /* ViewController.swift */,
				B922CC562500A8A700439263 /* UIViewController + presentAlert.swift */,
			);
			path = "View Controllers";
			sourceTree = "<group>";
		};
		B9F385EA24FF324800BEC7E9 /* Controller */ = {
			isa = PBXGroup;
			children = (
				B9F385E924FF323E00BEC7E9 /* View Controllers */,
			);
			path = Controller;
			sourceTree = "<group>";
		};
/* End PBXGroup section */

/* Begin PBXNativeTarget section */
		B9F385CF24FF319200BEC7E9 /* Style */ = {
			isa = PBXNativeTarget;
			buildConfigurationList = B9F385E424FF319400BEC7E9 /* Build configuration list for PBXNativeTarget "Style" */;
			buildPhases = (
				B9F385CC24FF319200BEC7E9 /* Sources */,
				B9F385CD24FF319200BEC7E9 /* Frameworks */,
				B9F385CE24FF319200BEC7E9 /* Resources */,
			);
			buildRules = (
			);
			dependencies = (
			);
			name = Style;
			productName = Style;
			productReference = B9F385D024FF319200BEC7E9 /* Style.app */;
			productType = "com.apple.product-type.application";
		};
/* End PBXNativeTarget section */

/* Begin PBXProject section */
		B9F385C824FF319200BEC7E9 /* Project object */ = {
			isa = PBXProject;
			attributes = {
				LastSwiftUpdateCheck = 1160;
				LastUpgradeCheck = 1160;
				ORGANIZATIONNAME = Apollo;
				TargetAttributes = {
					B9F385CF24FF319200BEC7E9 = {
						CreatedOnToolsVersion = 11.6;
					};
				};
			};
			buildConfigurationList = B9F385CB24FF319200BEC7E9 /* Build configuration list for PBXProject "Style" */;
			compatibilityVersion = "Xcode 9.3";
			developmentRegion = en;
			hasScannedForEncodings = 0;
			knownRegions = (
				en,
				Base,
			);
			mainGroup = B9F385C724FF319200BEC7E9;
			productRefGroup = B9F385D124FF319200BEC7E9 /* Products */;
			projectDirPath = "";
			projectReferences = (
				{
					ProductGroup = B922CC472500824600439263 /* Products */;
					ProjectRef = B922CC462500824600439263 /* NetworkScaffold.xcodeproj */;
				},
			);
			projectRoot = "";
			targets = (
				B9F385CF24FF319200BEC7E9 /* Style */,
			);
		};
/* End PBXProject section */

/* Begin PBXReferenceProxy section */
		B922CC4B2500824600439263 /* NetworkScaffold.framework */ = {
			isa = PBXReferenceProxy;
			fileType = wrapper.framework;
			path = NetworkScaffold.framework;
			remoteRef = B922CC4A2500824600439263 /* PBXContainerItemProxy */;
			sourceTree = BUILT_PRODUCTS_DIR;
		};
/* End PBXReferenceProxy section */

/* Begin PBXResourcesBuildPhase section */
		B9F385CE24FF319200BEC7E9 /* Resources */ = {
			isa = PBXResourcesBuildPhase;
			buildActionMask = 2147483647;
			files = (
				B9F385E024FF319400BEC7E9 /* LaunchScreen.storyboard in Resources */,
				B9F385DD24FF319400BEC7E9 /* Assets.xcassets in Resources */,
			);
			runOnlyForDeploymentPostprocessing = 0;
		};
/* End PBXResourcesBuildPhase section */

/* Begin PBXSourcesBuildPhase section */
		B9F385CC24FF319200BEC7E9 /* Sources */ = {
			isa = PBXSourcesBuildPhase;
			buildActionMask = 2147483647;
			files = (
				B922CC51250082C400439263 /* URLRequest + JSON.swift in Sources */,
				B922CC52250082C400439263 /* NetworkService.swift in Sources */,
				B9F385D824FF319200BEC7E9 /* ViewController.swift in Sources */,
				B9F385EC24FF329200BEC7E9 /* StyleSheet.swift in Sources */,
				B9F385D424FF319200BEC7E9 /* AppDelegate.swift in Sources */,
				B922CC552500A86E00439263 /* ErrorHandler.swift in Sources */,
				B9F385D624FF319200BEC7E9 /* SceneDelegate.swift in Sources */,
				B922CC572500A8A700439263 /* UIViewController + presentAlert.swift in Sources */,
				B9F385EE24FF359300BEC7E9 /* Autolayout Engine.swift in Sources */,
			);
			runOnlyForDeploymentPostprocessing = 0;
		};
/* End PBXSourcesBuildPhase section */

/* Begin PBXVariantGroup section */
		B9F385DE24FF319400BEC7E9 /* LaunchScreen.storyboard */ = {
			isa = PBXVariantGroup;
			children = (
				B9F385DF24FF319400BEC7E9 /* Base */,
			);
			name = LaunchScreen.storyboard;
			sourceTree = "<group>";
		};
/* End PBXVariantGroup section */

/* Begin XCBuildConfiguration section */
		B9F385E224FF319400BEC7E9 /* Debug */ = {
			isa = XCBuildConfiguration;
			buildSettings = {
				ALWAYS_SEARCH_USER_PATHS = NO;
				CLANG_ANALYZER_NONNULL = YES;
				CLANG_ANALYZER_NUMBER_OBJECT_CONVERSION = YES_AGGRESSIVE;
				CLANG_CXX_LANGUAGE_STANDARD = "gnu++14";
				CLANG_CXX_LIBRARY = "libc++";
				CLANG_ENABLE_MODULES = YES;
				CLANG_ENABLE_OBJC_ARC = YES;
				CLANG_ENABLE_OBJC_WEAK = YES;
				CLANG_WARN_BLOCK_CAPTURE_AUTORELEASING = YES;
				CLANG_WARN_BOOL_CONVERSION = YES;
				CLANG_WARN_COMMA = YES;
				CLANG_WARN_CONSTANT_CONVERSION = YES;
				CLANG_WARN_DEPRECATED_OBJC_IMPLEMENTATIONS = YES;
				CLANG_WARN_DIRECT_OBJC_ISA_USAGE = YES_ERROR;
				CLANG_WARN_DOCUMENTATION_COMMENTS = YES;
				CLANG_WARN_EMPTY_BODY = YES;
				CLANG_WARN_ENUM_CONVERSION = YES;
				CLANG_WARN_INFINITE_RECURSION = YES;
				CLANG_WARN_INT_CONVERSION = YES;
				CLANG_WARN_NON_LITERAL_NULL_CONVERSION = YES;
				CLANG_WARN_OBJC_IMPLICIT_RETAIN_SELF = YES;
				CLANG_WARN_OBJC_LITERAL_CONVERSION = YES;
				CLANG_WARN_OBJC_ROOT_CLASS = YES_ERROR;
				CLANG_WARN_RANGE_LOOP_ANALYSIS = YES;
				CLANG_WARN_STRICT_PROTOTYPES = YES;
				CLANG_WARN_SUSPICIOUS_MOVE = YES;
				CLANG_WARN_UNGUARDED_AVAILABILITY = YES_AGGRESSIVE;
				CLANG_WARN_UNREACHABLE_CODE = YES;
				CLANG_WARN__DUPLICATE_METHOD_MATCH = YES;
				COPY_PHASE_STRIP = NO;
				DEBUG_INFORMATION_FORMAT = dwarf;
				ENABLE_STRICT_OBJC_MSGSEND = YES;
				ENABLE_TESTABILITY = YES;
				GCC_C_LANGUAGE_STANDARD = gnu11;
				GCC_DYNAMIC_NO_PIC = NO;
				GCC_NO_COMMON_BLOCKS = YES;
				GCC_OPTIMIZATION_LEVEL = 0;
				GCC_PREPROCESSOR_DEFINITIONS = (
					"DEBUG=1",
					"$(inherited)",
				);
				GCC_WARN_64_TO_32_BIT_CONVERSION = YES;
				GCC_WARN_ABOUT_RETURN_TYPE = YES_ERROR;
				GCC_WARN_UNDECLARED_SELECTOR = YES;
				GCC_WARN_UNINITIALIZED_AUTOS = YES_AGGRESSIVE;
				GCC_WARN_UNUSED_FUNCTION = YES;
				GCC_WARN_UNUSED_VARIABLE = YES;
				IPHONEOS_DEPLOYMENT_TARGET = 13.6;
				MTL_ENABLE_DEBUG_INFO = INCLUDE_SOURCE;
				MTL_FAST_MATH = YES;
				ONLY_ACTIVE_ARCH = YES;
				SDKROOT = iphoneos;
				SWIFT_ACTIVE_COMPILATION_CONDITIONS = DEBUG;
				SWIFT_OPTIMIZATION_LEVEL = "-Onone";
			};
			name = Debug;
		};
		B9F385E324FF319400BEC7E9 /* Release */ = {
			isa = XCBuildConfiguration;
			buildSettings = {
				ALWAYS_SEARCH_USER_PATHS = NO;
				CLANG_ANALYZER_NONNULL = YES;
				CLANG_ANALYZER_NUMBER_OBJECT_CONVERSION = YES_AGGRESSIVE;
				CLANG_CXX_LANGUAGE_STANDARD = "gnu++14";
				CLANG_CXX_LIBRARY = "libc++";
				CLANG_ENABLE_MODULES = YES;
				CLANG_ENABLE_OBJC_ARC = YES;
				CLANG_ENABLE_OBJC_WEAK = YES;
				CLANG_WARN_BLOCK_CAPTURE_AUTORELEASING = YES;
				CLANG_WARN_BOOL_CONVERSION = YES;
				CLANG_WARN_COMMA = YES;
				CLANG_WARN_CONSTANT_CONVERSION = YES;
				CLANG_WARN_DEPRECATED_OBJC_IMPLEMENTATIONS = YES;
				CLANG_WARN_DIRECT_OBJC_ISA_USAGE = YES_ERROR;
				CLANG_WARN_DOCUMENTATION_COMMENTS = YES;
				CLANG_WARN_EMPTY_BODY = YES;
				CLANG_WARN_ENUM_CONVERSION = YES;
				CLANG_WARN_INFINITE_RECURSION = YES;
				CLANG_WARN_INT_CONVERSION = YES;
				CLANG_WARN_NON_LITERAL_NULL_CONVERSION = YES;
				CLANG_WARN_OBJC_IMPLICIT_RETAIN_SELF = YES;
				CLANG_WARN_OBJC_LITERAL_CONVERSION = YES;
				CLANG_WARN_OBJC_ROOT_CLASS = YES_ERROR;
				CLANG_WARN_RANGE_LOOP_ANALYSIS = YES;
				CLANG_WARN_STRICT_PROTOTYPES = YES;
				CLANG_WARN_SUSPICIOUS_MOVE = YES;
				CLANG_WARN_UNGUARDED_AVAILABILITY = YES_AGGRESSIVE;
				CLANG_WARN_UNREACHABLE_CODE = YES;
				CLANG_WARN__DUPLICATE_METHOD_MATCH = YES;
				COPY_PHASE_STRIP = NO;
				DEBUG_INFORMATION_FORMAT = "dwarf-with-dsym";
				ENABLE_NS_ASSERTIONS = NO;
				ENABLE_STRICT_OBJC_MSGSEND = YES;
				GCC_C_LANGUAGE_STANDARD = gnu11;
				GCC_NO_COMMON_BLOCKS = YES;
				GCC_WARN_64_TO_32_BIT_CONVERSION = YES;
				GCC_WARN_ABOUT_RETURN_TYPE = YES_ERROR;
				GCC_WARN_UNDECLARED_SELECTOR = YES;
				GCC_WARN_UNINITIALIZED_AUTOS = YES_AGGRESSIVE;
				GCC_WARN_UNUSED_FUNCTION = YES;
				GCC_WARN_UNUSED_VARIABLE = YES;
				IPHONEOS_DEPLOYMENT_TARGET = 13.6;
				MTL_ENABLE_DEBUG_INFO = NO;
				MTL_FAST_MATH = YES;
				SDKROOT = iphoneos;
				SWIFT_COMPILATION_MODE = wholemodule;
				SWIFT_OPTIMIZATION_LEVEL = "-O";
				VALIDATE_PRODUCT = YES;
			};
			name = Release;
		};
		B9F385E524FF319400BEC7E9 /* Debug */ = {
			isa = XCBuildConfiguration;
			buildSettings = {
				ASSETCATALOG_COMPILER_APPICON_NAME = AppIcon;
				CODE_SIGN_STYLE = Automatic;
				DEVELOPMENT_TEAM = 34P4RF23ET;
				INFOPLIST_FILE = Style/resources/Info.plist;
				LD_RUNPATH_SEARCH_PATHS = (
					"$(inherited)",
					"@executable_path/Frameworks",
				);
				PRODUCT_BUNDLE_IDENTIFIER = com.Apollo.Style;
				PRODUCT_NAME = "$(TARGET_NAME)";
				SWIFT_VERSION = 5.0;
				TARGETED_DEVICE_FAMILY = "1,2";
			};
			name = Debug;
		};
		B9F385E624FF319400BEC7E9 /* Release */ = {
			isa = XCBuildConfiguration;
			buildSettings = {
				ASSETCATALOG_COMPILER_APPICON_NAME = AppIcon;
				CODE_SIGN_STYLE = Automatic;
				DEVELOPMENT_TEAM = 34P4RF23ET;
				INFOPLIST_FILE = Style/resources/Info.plist;
				LD_RUNPATH_SEARCH_PATHS = (
					"$(inherited)",
					"@executable_path/Frameworks",
				);
				PRODUCT_BUNDLE_IDENTIFIER = com.Apollo.Style;
				PRODUCT_NAME = "$(TARGET_NAME)";
				SWIFT_VERSION = 5.0;
				TARGETED_DEVICE_FAMILY = "1,2";
			};
			name = Release;
		};
/* End XCBuildConfiguration section */

/* Begin XCConfigurationList section */
		B9F385CB24FF319200BEC7E9 /* Build configuration list for PBXProject "Style" */ = {
			isa = XCConfigurationList;
			buildConfigurations = (
				B9F385E224FF319400BEC7E9 /* Debug */,
				B9F385E324FF319400BEC7E9 /* Release */,
			);
			defaultConfigurationIsVisible = 0;
			defaultConfigurationName = Release;
		};
		B9F385E424FF319400BEC7E9 /* Build configuration list for PBXNativeTarget "Style" */ = {
			isa = XCConfigurationList;
			buildConfigurations = (
				B9F385E524FF319400BEC7E9 /* Debug */,
				B9F385E624FF319400BEC7E9 /* Release */,
			);
			defaultConfigurationIsVisible = 0;
			defaultConfigurationName = Release;
		};
/* End XCConfigurationList section */
	};
	rootObject = B9F385C824FF319200BEC7E9 /* Project object */;
}
